
Microsoft Visual Studio Solution File, Format Version 12.00
# Visual Studio Version 17
VisualStudioVersion = 17.12.35527.113 d17.12
MinimumVisualStudioVersion = 10.0.40219.1
Project("{FAE04EC0-301F-11D3-BF4B-00C04F79EFBC}") = "BilheteriaMain", "BilheteriaMain\BilheteriaMain.csproj", "{883DD729-25BA-43EE-96F0-5353B74FC409}"
EndProject
Project("{FAE04EC0-301F-11D3-BF4B-00C04F79EFBC}") = "Tests", "Tests\Tests.csproj", "{2D0E9111-D607-4404-813D-1ECD36167238}"
EndProject
Global
	GlobalSection(SolutionConfigurationPlatforms) = preSolution
		Debug|Any CPU = Debug|Any CPU
		Release|Any CPU = Release|Any CPU
	EndGlobalSection
	GlobalSection(ProjectConfigurationPlatforms) = postSolution
		{883DD729-25BA-43EE-96F0-5353B74FC409}.Debug|Any CPU.ActiveCfg = Debug|Any CPU
		{883DD729-25BA-43EE-96F0-5353B74FC409}.Debug|Any CPU.Build.0 = Debug|Any CPU
		{883DD729-25BA-43EE-96F0-5353B74FC409}.Release|Any CPU.ActiveCfg = Release|Any CPU
		{883DD729-25BA-43EE-96F0-5353B74FC409}.Release|Any CPU.Build.0 = Release|Any CPU
		{2D0E9111-D607-4404-813D-1ECD36167238}.Debug|Any CPU.ActiveCfg = Debug|Any CPU
		{2D0E9111-D607-4404-813D-1ECD36167238}.Debug|Any CPU.Build.0 = Debug|Any CPU
		{2D0E9111-D607-4404-813D-1ECD36167238}.Release|Any CPU.ActiveCfg = Release|Any CPU
		{2D0E9111-D607-4404-813D-1ECD36167238}.Release|Any CPU.Build.0 = Release|Any CPU
	EndGlobalSection
	GlobalSection(SolutionProperties) = preSolution
		HideSolutionNode = FALSE
	EndGlobalSection
EndGlobal
